
Microsoft Visual Studio Solution File, Format Version 12.00
# Visual Studio 15
Project("{FAE04EC0-301F-11D3-BF4B-00C04F79EFBC}") = "Bandyer.FireCrasher", "Bandyer.FireCrasher\Bandyer.FireCrasher.csproj", "{03578919-F0F4-4B16-B323-09196D006FB4}"
EndProject
Project("{FAE04EC0-301F-11D3-BF4B-00C04F79EFBC}") = "DemoFireCrasher", "DemoFireCrasher\DemoFireCrasher.csproj", "{F20B8F38-D6DB-444F-A609-92FEF6C5E316}"
EndProject
Global
	GlobalSection(SolutionConfigurationPlatforms) = preSolution
		Debug|Any CPU = Debug|Any CPU
		Release|Any CPU = Release|Any CPU
	EndGlobalSection
	GlobalSection(ProjectConfigurationPlatforms) = postSolution
		{03578919-F0F4-4B16-B323-09196D006FB4}.Debug|Any CPU.ActiveCfg = Debug|Any CPU
		{03578919-F0F4-4B16-B323-09196D006FB4}.Debug|Any CPU.Build.0 = Debug|Any CPU
		{03578919-F0F4-4B16-B323-09196D006FB4}.Release|Any CPU.ActiveCfg = Release|Any CPU
		{03578919-F0F4-4B16-B323-09196D006FB4}.Release|Any CPU.Build.0 = Release|Any CPU
		{F20B8F38-D6DB-444F-A609-92FEF6C5E316}.Debug|Any CPU.ActiveCfg = Debug|Any CPU
		{F20B8F38-D6DB-444F-A609-92FEF6C5E316}.Debug|Any CPU.Build.0 = Debug|Any CPU
		{F20B8F38-D6DB-444F-A609-92FEF6C5E316}.Release|Any CPU.ActiveCfg = Release|Any CPU
		{F20B8F38-D6DB-444F-A609-92FEF6C5E316}.Release|Any CPU.Build.0 = Release|Any CPU
	EndGlobalSection
EndGlobal
